// !$*UTF8*$!
{
	archiveVersion = 1;
	classes = {
	};
	objectVersion = 46;
	objects = {

/* Begin PBXBuildFile section */
		6FED3CCC1952B47D00F0862B /* AppDelegate.swift in Sources */ = {isa = PBXBuildFile; fileRef = 6FED3CCB1952B47D00F0862B /* AppDelegate.swift */; };
		6FED3CCE1952B47D00F0862B /* ViewController.swift in Sources */ = {isa = PBXBuildFile; fileRef = 6FED3CCD1952B47D00F0862B /* ViewController.swift */; };
		6FED3CD11952B47D00F0862B /* Main.storyboard in Resources */ = {isa = PBXBuildFile; fileRef = 6FED3CCF1952B47D00F0862B /* Main.storyboard */; };
		6FED3CD31952B47E00F0862B /* Images.xcassets in Resources */ = {isa = PBXBuildFile; fileRef = 6FED3CD21952B47D00F0862B /* Images.xcassets */; };
		6FED3CDF1952B47E00F0862B /* Swift_PagesTests.swift in Sources */ = {isa = PBXBuildFile; fileRef = 6FED3CDE1952B47E00F0862B /* Swift_PagesTests.swift */; };
		6FED3CE91952B59C00F0862B /* InstructionView.swift in Sources */ = {isa = PBXBuildFile; fileRef = 6FED3CE81952B59C00F0862B /* InstructionView.swift */; };
		6FED3CEA1952B59C00F0862B /* InstructionView.swift in Sources */ = {isa = PBXBuildFile; fileRef = 6FED3CE81952B59C00F0862B /* InstructionView.swift */; };
/* End PBXBuildFile section */

/* Begin PBXContainerItemProxy section */
		6FED3CD91952B47E00F0862B /* PBXContainerItemProxy */ = {
			isa = PBXContainerItemProxy;
			containerPortal = 6FED3CBE1952B47D00F0862B /* Project object */;
			proxyType = 1;
			remoteGlobalIDString = 6FED3CC51952B47D00F0862B;
			remoteInfo = "Swift Pages";
		};
/* End PBXContainerItemProxy section */

/* Begin PBXFileReference section */
		6FED3CC61952B47D00F0862B /* Swift Pages.app */ = {isa = PBXFileReference; explicitFileType = wrapper.application; includeInIndex = 0; path = "Swift Pages.app"; sourceTree = BUILT_PRODUCTS_DIR; };
		6FED3CCA1952B47D00F0862B /* Info.plist */ = {isa = PBXFileReference; lastKnownFileType = text.plist.xml; path = Info.plist; sourceTree = "<group>"; };
		6FED3CCB1952B47D00F0862B /* AppDelegate.swift */ = {isa = PBXFileReference; lastKnownFileType = sourcecode.swift; path = AppDelegate.swift; sourceTree = "<group>"; };
		6FED3CCD1952B47D00F0862B /* ViewController.swift */ = {isa = PBXFileReference; lastKnownFileType = sourcecode.swift; path = ViewController.swift; sourceTree = "<group>"; };
		6FED3CD01952B47D00F0862B /* Base */ = {isa = PBXFileReference; lastKnownFileType = file.storyboard; name = Base; path = Base.lproj/Main.storyboard; sourceTree = "<group>"; };
		6FED3CD21952B47D00F0862B /* Images.xcassets */ = {isa = PBXFileReference; lastKnownFileType = folder.assetcatalog; path = Images.xcassets; sourceTree = "<group>"; };
		6FED3CD81952B47E00F0862B /* Swift PagesTests.xctest */ = {isa = PBXFileReference; explicitFileType = wrapper.cfbundle; includeInIndex = 0; path = "Swift PagesTests.xctest"; sourceTree = BUILT_PRODUCTS_DIR; };
		6FED3CDD1952B47E00F0862B /* Info.plist */ = {isa = PBXFileReference; lastKnownFileType = text.plist.xml; path = Info.plist; sourceTree = "<group>"; };
		6FED3CDE1952B47E00F0862B /* Swift_PagesTests.swift */ = {isa = PBXFileReference; lastKnownFileType = sourcecode.swift; path = Swift_PagesTests.swift; sourceTree = "<group>"; };
		6FED3CE81952B59C00F0862B /* InstructionView.swift */ = {isa = PBXFileReference; fileEncoding = 4; lastKnownFileType = sourcecode.swift; path = InstructionView.swift; sourceTree = "<group>"; };
/* End PBXFileReference section */

/* Begin PBXFrameworksBuildPhase section */
		6FED3CC31952B47D00F0862B /* Frameworks */ = {
			isa = PBXFrameworksBuildPhase;
			buildActionMask = 2147483647;
			files = (
			);
			runOnlyForDeploymentPostprocessing = 0;
		};
		6FED3CD51952B47E00F0862B /* Frameworks */ = {
			isa = PBXFrameworksBuildPhase;
			buildActionMask = 2147483647;
			files = (
			);
			runOnlyForDeploymentPostprocessing = 0;
		};
/* End PBXFrameworksBuildPhase section */

/* Begin PBXGroup section */
		6F1D8AAF19FF4ABD00814FC8 /* Controllers */ = {
			isa = PBXGroup;
			children = (
				6FED3CE81952B59C00F0862B /* InstructionView.swift */,
				6FED3CCD1952B47D00F0862B /* ViewController.swift */,
			);
			name = Controllers;
			sourceTree = "<group>";
		};
		6FED3CBD1952B47D00F0862B = {
			isa = PBXGroup;
			children = (
				6FED3CC81952B47D00F0862B /* Swift Pages */,
				6FED3CDB1952B47E00F0862B /* Swift PagesTests */,
				6FED3CC71952B47D00F0862B /* Products */,
			);
			sourceTree = "<group>";
		};
		6FED3CC71952B47D00F0862B /* Products */ = {
			isa = PBXGroup;
			children = (
				6FED3CC61952B47D00F0862B /* Swift Pages.app */,
				6FED3CD81952B47E00F0862B /* Swift PagesTests.xctest */,
			);
			name = Products;
			sourceTree = "<group>";
		};
		6FED3CC81952B47D00F0862B /* Swift Pages */ = {
			isa = PBXGroup;
			children = (
				6FED3CCB1952B47D00F0862B /* AppDelegate.swift */,
				6F1D8AAF19FF4ABD00814FC8 /* Controllers */,
				6FED3CCF1952B47D00F0862B /* Main.storyboard */,
				6FED3CD21952B47D00F0862B /* Images.xcassets */,
				6FED3CC91952B47D00F0862B /* Supporting Files */,
			);
			path = "Swift Pages";
			sourceTree = "<group>";
		};
		6FED3CC91952B47D00F0862B /* Supporting Files */ = {
			isa = PBXGroup;
			children = (
				6FED3CCA1952B47D00F0862B /* Info.plist */,
			);
			name = "Supporting Files";
			sourceTree = "<group>";
		};
		6FED3CDB1952B47E00F0862B /* Swift PagesTests */ = {
			isa = PBXGroup;
			children = (
				6FED3CDE1952B47E00F0862B /* Swift_PagesTests.swift */,
				6FED3CDC1952B47E00F0862B /* Supporting Files */,
			);
			path = "Swift PagesTests";
			sourceTree = "<group>";
		};
		6FED3CDC1952B47E00F0862B /* Supporting Files */ = {
			isa = PBXGroup;
			children = (
				6FED3CDD1952B47E00F0862B /* Info.plist */,
			);
			name = "Supporting Files";
			sourceTree = "<group>";
		};
/* End PBXGroup section */

/* Begin PBXNativeTarget section */
		6FED3CC51952B47D00F0862B /* Swift Pages */ = {
			isa = PBXNativeTarget;
			buildConfigurationList = 6FED3CE21952B47E00F0862B /* Build configuration list for PBXNativeTarget "Swift Pages" */;
			buildPhases = (
				6FED3CC21952B47D00F0862B /* Sources */,
				6FED3CC31952B47D00F0862B /* Frameworks */,
				6FED3CC41952B47D00F0862B /* Resources */,
			);
			buildRules = (
			);
			dependencies = (
			);
			name = "Swift Pages";
			productName = "Swift Pages";
			productReference = 6FED3CC61952B47D00F0862B /* Swift Pages.app */;
			productType = "com.apple.product-type.application";
		};
		6FED3CD71952B47E00F0862B /* Swift PagesTests */ = {
			isa = PBXNativeTarget;
			buildConfigurationList = 6FED3CE51952B47E00F0862B /* Build configuration list for PBXNativeTarget "Swift PagesTests" */;
			buildPhases = (
				6FED3CD41952B47E00F0862B /* Sources */,
				6FED3CD51952B47E00F0862B /* Frameworks */,
				6FED3CD61952B47E00F0862B /* Resources */,
			);
			buildRules = (
			);
			dependencies = (
				6FED3CDA1952B47E00F0862B /* PBXTargetDependency */,
			);
			name = "Swift PagesTests";
			productName = "Swift PagesTests";
			productReference = 6FED3CD81952B47E00F0862B /* Swift PagesTests.xctest */;
			productType = "com.apple.product-type.bundle.unit-test";
		};
/* End PBXNativeTarget section */

/* Begin PBXProject section */
		6FED3CBE1952B47D00F0862B /* Project object */ = {
			isa = PBXProject;
			attributes = {
				LastSwiftMigration = 0720;
				LastSwiftUpdateCheck = 0720;
				LastUpgradeCheck = 0600;
				ORGANIZATIONNAME = "Unicorn Ltd";
				TargetAttributes = {
					6FED3CC51952B47D00F0862B = {
						CreatedOnToolsVersion = 6.0;
					};
					6FED3CD71952B47E00F0862B = {
						CreatedOnToolsVersion = 6.0;
						TestTargetID = 6FED3CC51952B47D00F0862B;
					};
				};
			};
			buildConfigurationList = 6FED3CC11952B47D00F0862B /* Build configuration list for PBXProject "Swift Pages" */;
			compatibilityVersion = "Xcode 3.2";
			developmentRegion = English;
			hasScannedForEncodings = 0;
			knownRegions = (
				en,
				Base,
			);
			mainGroup = 6FED3CBD1952B47D00F0862B;
			productRefGroup = 6FED3CC71952B47D00F0862B /* Products */;
			projectDirPath = "";
			projectRoot = "";
			targets = (
				6FED3CC51952B47D00F0862B /* Swift Pages */,
				6FED3CD71952B47E00F0862B /* Swift PagesTests */,
			);
		};
/* End PBXProject section */

/* Begin PBXResourcesBuildPhase section */
		6FED3CC41952B47D00F0862B /* Resources */ = {
			isa = PBXResourcesBuildPhase;
			buildActionMask = 2147483647;
			files = (
				6FED3CD11952B47D00F0862B /* Main.storyboard in Resources */,
				6FED3CD31952B47E00F0862B /* Images.xcassets in Resources */,
			);
			runOnlyForDeploymentPostprocessing = 0;
		};
		6FED3CD61952B47E00F0862B /* Resources */ = {
			isa = PBXResourcesBuildPhase;
			buildActionMask = 2147483647;
			files = (
			);
			runOnlyForDeploymentPostprocessing = 0;
		};
/* End PBXResourcesBuildPhase section */

/* Begin PBXSourcesBuildPhase section */
		6FED3CC21952B47D00F0862B /* Sources */ = {
			isa = PBXSourcesBuildPhase;
			buildActionMask = 2147483647;
			files = (
				6FED3CE91952B59C00F0862B /* InstructionView.swift in Sources */,
				6FED3CCE1952B47D00F0862B /* ViewController.swift in Sources */,
				6FED3CCC1952B47D00F0862B /* AppDelegate.swift in Sources */,
			);
			runOnlyForDeploymentPostprocessing = 0;
		};
		6FED3CD41952B47E00F0862B /* Sources */ = {
			isa = PBXSourcesBuildPhase;
			buildActionMask = 2147483647;
			files = (
				6FED3CDF1952B47E00F0862B /* Swift_PagesTests.swift in Sources */,
				6FED3CEA1952B59C00F0862B /* InstructionView.swift in Sources */,
			);
			runOnlyForDeploymentPostprocessing = 0;
		};
/* End PBXSourcesBuildPhase section */

/* Begin PBXTargetDependency section */
		6FED3CDA1952B47E00F0862B /* PBXTargetDependency */ = {
			isa = PBXTargetDependency;
			target = 6FED3CC51952B47D00F0862B /* Swift Pages */;
			targetProxy = 6FED3CD91952B47E00F0862B /* PBXContainerItemProxy */;
		};
/* End PBXTargetDependency section */

/* Begin PBXVariantGroup section */
		6FED3CCF1952B47D00F0862B /* Main.storyboard */ = {
			isa = PBXVariantGroup;
			children = (
				6FED3CD01952B47D00F0862B /* Base */,
			);
			name = Main.storyboard;
			sourceTree = "<group>";
		};
/* End PBXVariantGroup section */

/* Begin XCBuildConfiguration section */
		6FED3CE01952B47E00F0862B /* Debug */ = {
			isa = XCBuildConfiguration;
			buildSettings = {
				ALWAYS_SEARCH_USER_PATHS = NO;
				CLANG_CXX_LANGUAGE_STANDARD = "gnu++0x";
				CLANG_CXX_LIBRARY = "libc++";
				CLANG_ENABLE_MODULES = YES;
				CLANG_ENABLE_OBJC_ARC = YES;
				CLANG_WARN_BOOL_CONVERSION = YES;
				CLANG_WARN_CONSTANT_CONVERSION = YES;
				CLANG_WARN_DIRECT_OBJC_ISA_USAGE = YES_ERROR;
				CLANG_WARN_EMPTY_BODY = YES;
				CLANG_WARN_ENUM_CONVERSION = YES;
				CLANG_WARN_INT_CONVERSION = YES;
				CLANG_WARN_OBJC_ROOT_CLASS = YES_ERROR;
				CLANG_WARN_UNREACHABLE_CODE = YES;
				CLANG_WARN__DUPLICATE_METHOD_MATCH = YES;
				"CODE_SIGN_IDENTITY[sdk=iphoneos*]" = "iPhone Developer";
				COPY_PHASE_STRIP = NO;
				ENABLE_STRICT_OBJC_MSGSEND = YES;
				GCC_C_LANGUAGE_STANDARD = gnu99;
				GCC_DYNAMIC_NO_PIC = NO;
				GCC_OPTIMIZATION_LEVEL = 0;
				GCC_PREPROCESSOR_DEFINITIONS = (
					"DEBUG=1",
					"$(inherited)",
				);
				GCC_SYMBOLS_PRIVATE_EXTERN = NO;
				GCC_WARN_64_TO_32_BIT_CONVERSION = YES;
				GCC_WARN_ABOUT_RETURN_TYPE = YES_ERROR;
				GCC_WARN_UNDECLARED_SELECTOR = YES;
				GCC_WARN_UNINITIALIZED_AUTOS = YES_AGGRESSIVE;
				GCC_WARN_UNUSED_FUNCTION = YES;
				GCC_WARN_UNUSED_VARIABLE = YES;
				IPHONEOS_DEPLOYMENT_TARGET = 8.0;
				METAL_ENABLE_DEBUG_INFO = YES;
				ONLY_ACTIVE_ARCH = YES;
				SDKROOT = iphoneos;
				SWIFT_OPTIMIZATION_LEVEL = "-Onone";
			};
			name = Debug;
		};
		6FED3CE11952B47E00F0862B /* Release */ = {
			isa = XCBuildConfiguration;
			buildSettings = {
				ALWAYS_SEARCH_USER_PATHS = NO;
				CLANG_CXX_LANGUAGE_STANDARD = "gnu++0x";
				CLANG_CXX_LIBRARY = "libc++";
				CLANG_ENABLE_MODULES = YES;
				CLANG_ENABLE_OBJC_ARC = YES;
				CLANG_WARN_BOOL_CONVERSION = YES;
				CLANG_WARN_CONSTANT_CONVERSION = YES;
				CLANG_WARN_DIRECT_OBJC_ISA_USAGE = YES_ERROR;
				CLANG_WARN_EMPTY_BODY = YES;
				CLANG_WARN_ENUM_CONVERSION = YES;
				CLANG_WARN_INT_CONVERSION = YES;
				CLANG_WARN_OBJC_ROOT_CLASS = YES_ERROR;
				CLANG_WARN_UNREACHABLE_CODE = YES;
				CLANG_WARN__DUPLICATE_METHOD_MATCH = YES;
				"CODE_SIGN_IDENTITY[sdk=iphoneos*]" = "iPhone Developer";
				COPY_PHASE_STRIP = YES;
				ENABLE_NS_ASSERTIONS = NO;
				ENABLE_STRICT_OBJC_MSGSEND = YES;
				GCC_C_LANGUAGE_STANDARD = gnu99;
				GCC_WARN_64_TO_32_BIT_CONVERSION = YES;
				GCC_WARN_ABOUT_RETURN_TYPE = YES_ERROR;
				GCC_WARN_UNDECLARED_SELECTOR = YES;
				GCC_WARN_UNINITIALIZED_AUTOS = YES_AGGRESSIVE;
				GCC_WARN_UNUSED_FUNCTION = YES;
				GCC_WARN_UNUSED_VARIABLE = YES;
				IPHONEOS_DEPLOYMENT_TARGET = 8.0;
				METAL_ENABLE_DEBUG_INFO = NO;
				SDKROOT = iphoneos;
				VALIDATE_PRODUCT = YES;
			};
			name = Release;
		};
		6FED3CE31952B47E00F0862B /* Debug */ = {
			isa = XCBuildConfiguration;
			buildSettings = {
				ASSETCATALOG_COMPILER_APPICON_NAME = AppIcon;
				ASSETCATALOG_COMPILER_LAUNCHIMAGE_NAME = LaunchImage;
				INFOPLIST_FILE = "Swift Pages/Info.plist";
				LD_RUNPATH_SEARCH_PATHS = "$(inherited) @executable_path/Frameworks";
				PRODUCT_NAME = "$(TARGET_NAME)";
			};
			name = Debug;
		};
		6FED3CE41952B47E00F0862B /* Release */ = {
			isa = XCBuildConfiguration;
			buildSettings = {
				ASSETCATALOG_COMPILER_APPICON_NAME = AppIcon;
				ASSETCATALOG_COMPILER_LAUNCHIMAGE_NAME = LaunchImage;
				INFOPLIST_FILE = "Swift Pages/Info.plist";
				LD_RUNPATH_SEARCH_PATHS = "$(inherited) @executable_path/Frameworks";
				PRODUCT_NAME = "$(TARGET_NAME)";
			};
			name = Release;
		};
		6FED3CE61952B47E00F0862B /* Debug */ = {
			isa = XCBuildConfiguration;
			buildSettings = {
				BUNDLE_LOADER = "$(BUILT_PRODUCTS_DIR)/Swift Pages.app/Swift Pages";
				FRAMEWORK_SEARCH_PATHS = (
					"$(SDKROOT)/Developer/Library/Frameworks",
					"$(inherited)",
				);
				GCC_PREPROCESSOR_DEFINITIONS = (
					"DEBUG=1",
					"$(inherited)",
				);
				INFOPLIST_FILE = "Swift PagesTests/Info.plist";
				LD_RUNPATH_SEARCH_PATHS = "$(inherited) @executable_path/Frameworks @loader_path/Frameworks";
				METAL_ENABLE_DEBUG_INFO = YES;
				PRODUCT_NAME = "$(TARGET_NAME)";
				TEST_HOST = "$(BUNDLE_LOADER)";
			};
			name = Debug;
		};
		6FED3CE71952B47E00F0862B /* Release */ = {
			isa = XCBuildConfiguration;
			buildSettings = {
				BUNDLE_LOADER = "$(BUILT_PRODUCTS_DIR)/Swift Pages.app/Swift Pages";
				FRAMEWORK_SEARCH_PATHS = (
					"$(SDKROOT)/Developer/Library/Frameworks",
					"$(inherited)",
				);
				INFOPLIST_FILE = "Swift PagesTests/Info.plist";
				LD_RUNPATH_SEARCH_PATHS = "$(inherited) @executable_path/Frameworks @loader_path/Frameworks";
				METAL_ENABLE_DEBUG_INFO = NO;
				PRODUCT_NAME = "$(TARGET_NAME)";
				TEST_HOST = "$(BUNDLE_LOADER)";
			};
			name = Release;
		};
/* End XCBuildConfiguration section */

/* Begin XCConfigurationList section */
		6FED3CC11952B47D00F0862B /* Build configuration list for PBXProject "Swift Pages" */ = {
			isa = XCConfigurationList;
			buildConfigurations = (
				6FED3CE01952B47E00F0862B /* Debug */,
				6FED3CE11952B47E00F0862B /* Release */,
			);
			defaultConfigurationIsVisible = 0;
			defaultConfigurationName = Release;
		};
		6FED3CE21952B47E00F0862B /* Build configuration list for PBXNativeTarget "Swift Pages" */ = {
			isa = XCConfigurationList;
			buildConfigurations = (
				6FED3CE31952B47E00F0862B /* Debug */,
				6FED3CE41952B47E00F0862B /* Release */,
			);
			defaultConfigurationIsVisible = 0;
			defaultConfigurationName = Release;
		};
		6FED3CE51952B47E00F0862B /* Build configuration list for PBXNativeTarget "Swift PagesTests" */ = {
			isa = XCConfigurationList;
			buildConfigurations = (
				6FED3CE61952B47E00F0862B /* Debug */,
				6FED3CE71952B47E00F0862B /* Release */,
			);
			defaultConfigurationIsVisible = 0;
			defaultConfigurationName = Release;
		};
/* End XCConfigurationList section */
	};
	rootObject = 6FED3CBE1952B47D00F0862B /* Project object */;
}
